
Microsoft Visual Studio Solution File, Format Version 12.00
# Visual Studio Version 16
VisualStudioVersion = 16.0.30225.117
MinimumVisualStudioVersion = 10.0.40219.1
Project("{9A19103F-16F7-4668-BE54-9A1E7A4F7556}") = "launcher_project_new_horizon", "launcher_project_new_horizon\launcher_project_new_horizon.csproj", "{7D415AD1-C8E8-4D5E-B1F2-1A7B06B4BE7E}"
EndProject
Global
	GlobalSection(SolutionConfigurationPlatforms) = preSolution
		Debug|Any CPU = Debug|Any CPU
		Release|Any CPU = Release|Any CPU
	EndGlobalSection
	GlobalSection(ProjectConfigurationPlatforms) = postSolution
		{7D415AD1-C8E8-4D5E-B1F2-1A7B06B4BE7E}.Debug|Any CPU.ActiveCfg = Debug|Any CPU
		{7D415AD1-C8E8-4D5E-B1F2-1A7B06B4BE7E}.Debug|Any CPU.Build.0 = Debug|Any CPU
		{7D415AD1-C8E8-4D5E-B1F2-1A7B06B4BE7E}.Release|Any CPU.ActiveCfg = Release|Any CPU
		{7D415AD1-C8E8-4D5E-B1F2-1A7B06B4BE7E}.Release|Any CPU.Build.0 = Release|Any CPU
	EndGlobalSection
	GlobalSection(SolutionProperties) = preSolution
		HideSolutionNode = FALSE
	EndGlobalSection
	GlobalSection(ExtensibilityGlobals) = postSolution
		SolutionGuid = {690EC7E8-6202-4F99-BC90-74D2237B3976}
	EndGlobalSection
EndGlobal
